
Microsoft Visual Studio Solution File, Format Version 12.00
# Visual Studio Version 17
VisualStudioVersion = 17.3.32929.385
MinimumVisualStudioVersion = 10.0.40219.1
Project("{FAE04EC0-301F-11D3-BF4B-00C04F79EFBC}") = "Task1", "Task1\Task1.csproj", "{A2083BDD-CD15-412D-9167-B226B8E190AE}"
EndProject
Project("{FAE04EC0-301F-11D3-BF4B-00C04F79EFBC}") = "Task2", "Task2\Task2.csproj", "{816254A7-AEB2-4CFC-A4ED-9669825B9E61}"
EndProject
Global
	GlobalSection(SolutionConfigurationPlatforms) = preSolution
		Debug|Any CPU = Debug|Any CPU
		Release|Any CPU = Release|Any CPU
	EndGlobalSection
	GlobalSection(ProjectConfigurationPlatforms) = postSolution
		{A2083BDD-CD15-412D-9167-B226B8E190AE}.Debug|Any CPU.ActiveCfg = Debug|Any CPU
		{A2083BDD-CD15-412D-9167-B226B8E190AE}.Debug|Any CPU.Build.0 = Debug|Any CPU
		{A2083BDD-CD15-412D-9167-B226B8E190AE}.Release|Any CPU.ActiveCfg = Release|Any CPU
		{A2083BDD-CD15-412D-9167-B226B8E190AE}.Release|Any CPU.Build.0 = Release|Any CPU
		{816254A7-AEB2-4CFC-A4ED-9669825B9E61}.Debug|Any CPU.ActiveCfg = Debug|Any CPU
		{816254A7-AEB2-4CFC-A4ED-9669825B9E61}.Debug|Any CPU.Build.0 = Debug|Any CPU
		{816254A7-AEB2-4CFC-A4ED-9669825B9E61}.Release|Any CPU.ActiveCfg = Release|Any CPU
		{816254A7-AEB2-4CFC-A4ED-9669825B9E61}.Release|Any CPU.Build.0 = Release|Any CPU
	EndGlobalSection
	GlobalSection(SolutionProperties) = preSolution
		HideSolutionNode = FALSE
	EndGlobalSection
	GlobalSection(ExtensibilityGlobals) = postSolution
		SolutionGuid = {CCECE39B-DF74-4434-88FA-C5F73B2618E9}
	EndGlobalSection
EndGlobal
